// !$*UTF8*$!
{
	archiveVersion = 1;
	classes = {
	};
	objectVersion = 46;
	objects = {

/* Begin PBXAggregateTarget section */
		18869997800F428DB5C6C48D /* ALL_BUILD */ = {
			isa = PBXAggregateTarget;
			buildConfigurationList = 7B51A08837784AFC9492C6E4 /* Build configuration list for PBXAggregateTarget "ALL_BUILD" */;
			buildPhases = (
			);
			dependencies = (
			);
			name = ALL_BUILD;
			productName = ALL_BUILD;
		};
/* End PBXAggregateTarget section */

/* Begin PBXBuildFile section */
		7A98C9A92FC0682900AD6B71 /* desktop.cpp in Sources */ = {isa = PBXBuildFile; fileRef = 45E1FB62BA6844E1B7101788 /* desktop.cpp */; };
		7A98C9AE2FC068C000AD6B71 /* canada.json in CopyFiles */ = {isa = PBXBuildFile; fileRef = 7A98C9AD2FC068BB00AD6B71 /* canada.json */; };
/* End PBXBuildFile section */

/* Begin PBXContainerItemProxy section */
		7A98C9A42FC0679900AD6B71 /* PBXContainerItemProxy */ = {
			isa = PBXContainerItemProxy;
			containerPortal = 3C49CF7CFE53436598FD877B /* Project object */;
			proxyType = 1;
			remoteGlobalIDString = 18869997800F428DB5C6C48D;
			remoteInfo = ALL_BUILD;
		};
/* End PBXContainerItemProxy section */

/* Begin PBXCopyFilesBuildPhase section */
		7A98C9AA2FC0682D00AD6B71 /* CopyFiles */ = {
			isa = PBXCopyFilesBuildPhase;
			buildActionMask = 2147483647;
			dstPath = "";
			dstSubfolderSpec = 16;
			files = (
				7A98C9AE2FC068C000AD6B71 /* canada.json in CopyFiles */,
			);
			runOnlyForDeploymentPostprocessing = 0;
		};
/* End PBXCopyFilesBuildPhase section */

/* Begin PBXFileReference section */
		45E1FB62BA6844E1B7101788 /* desktop.cpp */ = {isa = PBXFileReference; explicitFileType = sourcecode.cpp.cpp; fileEncoding = 4; name = desktop.cpp; path = tests/desktop.cpp; sourceTree = SOURCE_ROOT; };
		7A72449F2FBF9987004A8FC4 /* constants.h */ = {isa = PBXFileReference; lastKnownFileType = sourcecode.c.h; path = constants.h; sourceTree = "<group>"; };
		7A7244A02FBF9987004A8FC4 /* demangled.h */ = {isa = PBXFileReference; lastKnownFileType = sourcecode.c.h; path = demangled.h; sourceTree = "<group>"; };
		7A7244A12FBF9987004A8FC4 /* JSONCallbackObject.h */ = {isa = PBXFileReference; lastKnownFileType = sourcecode.c.h; path = JSONCallbackObject.h; sourceTree = "<group>"; };
		7A7244A22FBF9987004A8FC4 /* JSONKey.h */ = {isa = PBXFileReference; lastKnownFileType = sourcecode.c.h; path = JSONKey.h; sourceTree = "<group>"; };
		7A7244A32FBF9987004A8FC4 /* JSONKey.cpp */ = {isa = PBXFileReference; lastKnownFileType = sourcecode.cpp.cpp; path = JSONKey.cpp; sourceTree = "<group>"; };
		7A7244A42FBF9987004A8FC4 /* JSONObject.h */ = {isa = PBXFileReference; lastKnownFileType = sourcecode.c.h; path = JSONObject.h; sourceTree = "<group>"; };
		7A7244A52FBF9987004A8FC4 /* JSONParser.h */ = {isa = PBXFileReference; lastKnownFileType = sourcecode.c.h; path = JSONParser.h; sourceTree = "<group>"; };
		7A7244A62FBF9987004A8FC4 /* JSONPrinter.h */ = {isa = PBXFileReference; lastKnownFileType = sourcecode.c.h; path = JSONPrinter.h; sourceTree = "<group>"; };
		7A7244A72FBF9987004A8FC4 /* JSONStreamParser.h */ = {isa = PBXFileReference; lastKnownFileType = sourcecode.c.h; path = JSONStreamParser.h; sourceTree = "<group>"; };
		7A7244A82FBF9987004A8FC4 /* JSONValue.h */ = {isa = PBXFileReference; lastKnownFileType = sourcecode.c.h; path = JSONValue.h; sourceTree = "<group>"; };
		7A7244A92FBF9987004A8FC4 /* macros.h */ = {isa = PBXFileReference; lastKnownFileType = sourcecode.c.h; path = macros.h; sourceTree = "<group>"; };
		7A7244AA2FBF9987004A8FC4 /* ParseResult.h */ = {isa = PBXFileReference; lastKnownFileType = sourcecode.c.h; path = ParseResult.h; sourceTree = "<group>"; };
		7A7244AB2FBF9987004A8FC4 /* ParseValueResult.h */ = {isa = PBXFileReference; lastKnownFileType = sourcecode.c.h; path = ParseValueResult.h; sourceTree = "<group>"; };
		7A7244AC2FBF9987004A8FC4 /* PointerCursor.h */ = {isa = PBXFileReference; lastKnownFileType = sourcecode.c.h; path = PointerCursor.h; sourceTree = "<group>"; };
		7A7244AD2FBF9987004A8FC4 /* str_length.h */ = {isa = PBXFileReference; lastKnownFileType = sourcecode.c.h; path = str_length.h; sourceTree = "<group>"; };
		7A7244AE2FBF9987004A8FC4 /* Stream.h */ = {isa = PBXFileReference; lastKnownFileType = sourcecode.c.h; path = Stream.h; sourceTree = "<group>"; };
		7A7244AF2FBF9987004A8FC4 /* StreamCursor.h */ = {isa = PBXFileReference; lastKnownFileType = sourcecode.c.h; path = StreamCursor.h; sourceTree = "<group>"; };
		7A7244B02FBF9987004A8FC4 /* StreamScanner.h */ = {isa = PBXFileReference; lastKnownFileType = sourcecode.c.h; path = StreamScanner.h; sourceTree = "<group>"; };
		7A7244B12FBF9987004A8FC4 /* types.h */ = {isa = PBXFileReference; lastKnownFileType = sourcecode.c.h; path = types.h; sourceTree = "<group>"; };
		7A7244B22FBF9987004A8FC4 /* UnknownValueType.h */ = {isa = PBXFileReference; lastKnownFileType = sourcecode.c.h; path = UnknownValueType.h; sourceTree = "<group>"; };
		7A7244B32FBF9987004A8FC4 /* utils.h */ = {isa = PBXFileReference; lastKnownFileType = sourcecode.c.h; path = utils.h; sourceTree = "<group>"; };
		7A98C9AD2FC068BB00AD6B71 /* canada.json */ = {isa = PBXFileReference; lastKnownFileType = text.json; name = canada.json; path = tests/canada.json; sourceTree = "<group>"; };
		7AE1A4CB2FBFA3B5008CE052 /* test.h */ = {isa = PBXFileReference; lastKnownFileType = sourcecode.c.h; name = test.h; path = examples/JSONParserTest/test.h; sourceTree = "<group>"; };
		BE32F5B59BB8426CAC56A802 /* desktop-test */ = {isa = PBXFileReference; explicitFileType = "compiled.mach-o.executable"; path = "desktop-test"; sourceTree = BUILT_PRODUCTS_DIR; };
		F58F5950249A455CAFB6F0AF /* CMakeLists.txt */ = {isa = PBXFileReference; explicitFileType = sourcecode.text; fileEncoding = 4; lastKnownFileType = text; path = CMakeLists.txt; sourceTree = SOURCE_ROOT; };
/* End PBXFileReference section */

/* Begin PBXGroup section */
		17D1CA39566040F9AC07811B = {
			isa = PBXGroup;
			children = (
				F58F5950249A455CAFB6F0AF /* CMakeLists.txt */,
				468EDE0C28E94BB79CD184F7 /* Source Files */,
				DE92157EDAA047F286C0670F /* Products */,
				B8EEADA076054A86BF42BCBF /* Resources */,
				7A98C9AD2FC068BB00AD6B71 /* canada.json */,
			);
			sourceTree = "<group>";
		};
		468EDE0C28E94BB79CD184F7 /* Source Files */ = {
			isa = PBXGroup;
			children = (
				45E1FB62BA6844E1B7101788 /* desktop.cpp */,
				7AE1A4CB2FBFA3B5008CE052 /* test.h */,
				7A7244B42FBF9987004A8FC4 /* src */,
			);
			name = "Source Files";
			sourceTree = "<group>";
		};
		7A7244B42FBF9987004A8FC4 /* src */ = {
			isa = PBXGroup;
			children = (
				7A72449F2FBF9987004A8FC4 /* constants.h */,
				7A7244A02FBF9987004A8FC4 /* demangled.h */,
				7A7244A12FBF9987004A8FC4 /* JSONCallbackObject.h */,
				7A7244A22FBF9987004A8FC4 /* JSONKey.h */,
				7A7244A32FBF9987004A8FC4 /* JSONKey.cpp */,
				7A7244A42FBF9987004A8FC4 /* JSONObject.h */,
				7A7244A52FBF9987004A8FC4 /* JSONParser.h */,
				7A7244A62FBF9987004A8FC4 /* JSONPrinter.h */,
				7A7244A72FBF9987004A8FC4 /* JSONStreamParser.h */,
				7A7244A82FBF9987004A8FC4 /* JSONValue.h */,
				7A7244A92FBF9987004A8FC4 /* macros.h */,
				7A7244AA2FBF9987004A8FC4 /* ParseResult.h */,
				7A7244AB2FBF9987004A8FC4 /* ParseValueResult.h */,
				7A7244AC2FBF9987004A8FC4 /* PointerCursor.h */,
				7A7244AD2FBF9987004A8FC4 /* str_length.h */,
				7A7244AE2FBF9987004A8FC4 /* Stream.h */,
				7A7244AF2FBF9987004A8FC4 /* StreamCursor.h */,
				7A7244B02FBF9987004A8FC4 /* StreamScanner.h */,
				7A7244B12FBF9987004A8FC4 /* types.h */,
				7A7244B22FBF9987004A8FC4 /* UnknownValueType.h */,
				7A7244B32FBF9987004A8FC4 /* utils.h */,
			);
			path = src;
			sourceTree = "<group>";
		};
		B8EEADA076054A86BF42BCBF /* Resources */ = {
			isa = PBXGroup;
			children = (
			);
			name = Resources;
			sourceTree = "<group>";
		};
		DE92157EDAA047F286C0670F /* Products */ = {
			isa = PBXGroup;
			children = (
				BE32F5B59BB8426CAC56A802 /* desktop-test */,
			);
			name = Products;
			sourceTree = "<group>";
		};
/* End PBXGroup section */

/* Begin PBXNativeTarget section */
		022737B7CDE34F28B9CEA617 /* debug */ = {
			isa = PBXNativeTarget;
			buildConfigurationList = 1BA13BEFDFA54D818FB95F16 /* Build configuration list for PBXNativeTarget "debug" */;
			buildPhases = (
				7A98C9A82FC0682300AD6B71 /* Sources */,
				7A98C9AA2FC0682D00AD6B71 /* CopyFiles */,
			);
			buildRules = (
			);
			dependencies = (
				7A98C9A52FC0679900AD6B71 /* PBXTargetDependency */,
			);
			name = debug;
			productName = "desktop-test";
			productReference = BE32F5B59BB8426CAC56A802 /* desktop-test */;
			productType = "com.apple.product-type.tool";
		};
/* End PBXNativeTarget section */

/* Begin PBXProject section */
		3C49CF7CFE53436598FD877B /* Project object */ = {
			isa = PBXProject;
			attributes = {
				LastUpgradeCheck = 2610;
			};
			buildConfigurationList = D1D0CA61C0FD49168C538B2D /* Build configuration list for PBXProject "JSONParser" */;
			compatibilityVersion = "Xcode 3.2";
			developmentRegion = en;
			hasScannedForEncodings = 0;
			knownRegions = (
				en,
			);
			mainGroup = 17D1CA39566040F9AC07811B;
			projectDirPath = /Volumes/GAMMA/DEVELOPPEMENT/cacaodev/JSONParser;
			projectRoot = "";
			targets = (
				18869997800F428DB5C6C48D /* ALL_BUILD */,
				022737B7CDE34F28B9CEA617 /* debug */,
			);
		};
/* End PBXProject section */

/* Begin PBXSourcesBuildPhase section */
		7A98C9A82FC0682300AD6B71 /* Sources */ = {
			isa = PBXSourcesBuildPhase;
			buildActionMask = 2147483647;
			files = (
				7A98C9A92FC0682900AD6B71 /* desktop.cpp in Sources */,
			);
			runOnlyForDeploymentPostprocessing = 0;
		};
/* End PBXSourcesBuildPhase section */

/* Begin PBXTargetDependency section */
		7A98C9A52FC0679900AD6B71 /* PBXTargetDependency */ = {
			isa = PBXTargetDependency;
			target = 18869997800F428DB5C6C48D /* ALL_BUILD */;
			targetProxy = 7A98C9A42FC0679900AD6B71 /* PBXContainerItemProxy */;
		};
/* End PBXTargetDependency section */

/* Begin XCBuildConfiguration section */
		07EBBAF083BA496791B9C07A /* MinSizeRel */ = {
			isa = XCBuildConfiguration;
			buildSettings = {
				ALWAYS_SEARCH_USER_PATHS = NO;
				ARCHS = "$(ARCHS_STANDARD)";
				CLANG_CXX_LANGUAGE_STANDARD = "c++17";
				CLANG_CXX_STANDARD_LIBRARY_HARDENING = extensive;
				COMBINE_HIDPI_IMAGES = YES;
				COPY_PHASE_STRIP = NO;
				DEBUG_INFORMATION_FORMAT = "dwarf-with-dsym";
				DEBUG_INFORMATION_VERSION = "compiler-default";
				ENABLE_DEBUG_DYLIB = YES;
				ENABLE_TESTABILITY = YES;
				EXECUTABLE_PREFIX = "";
				GCC_ENABLE_CPP_EXCEPTIONS = NO;
				GCC_GENERATE_DEBUGGING_SYMBOLS = YES;
				GCC_INLINES_ARE_PRIVATE_EXTERN = NO;
				GCC_OPTIMIZATION_LEVEL = 0;
				GCC_PREPROCESSOR_DEFINITIONS = (
					"'CMAKE_INTDIR=\"$(CONFIGURATION)$(EFFECTIVE_PLATFORM_NAME)\"'",
					"$(inherited)",
				);
				GCC_SYMBOLS_PRIVATE_EXTERN = NO;
				HEADER_SEARCH_PATHS = (
					/Volumes/GAMMA/DEVELOPPEMENT/cacaodev/JSONParser,
					"$(inherited)",
				);
				INSTALL_PATH = "";
				LINKER_DISPLAYS_MANGLED_NAMES = YES;
				ONLY_ACTIVE_ARCH = YES;
				OTHER_LDFLAGS = (
					"-Wl,-search_paths_first",
					"-Wl,-headerpad_max_install_names",
					"$(inherited)",
				);
				PRODUCT_NAME = "desktop-test";
				SECTORDER_FLAGS = "";
				STRIP_STYLE = debugging;
				USE_HEADERMAP = NO;
			};
			name = MinSizeRel;
		};
		20EEC707B41F4BE38579513F /* Release */ = {
			isa = XCBuildConfiguration;
			buildSettings = {
				ALWAYS_SEARCH_USER_PATHS = NO;
				ARCHS = "$(ARCHS_STANDARD)";
				CLANG_CXX_LANGUAGE_STANDARD = "c++17";
				CLANG_CXX_STANDARD_LIBRARY_HARDENING = extensive;
				COMBINE_HIDPI_IMAGES = YES;
				COPY_PHASE_STRIP = NO;
				DEBUG_INFORMATION_FORMAT = "dwarf-with-dsym";
				DEBUG_INFORMATION_VERSION = "compiler-default";
				ENABLE_DEBUG_DYLIB = YES;
				ENABLE_TESTABILITY = YES;
				EXECUTABLE_PREFIX = "";
				GCC_ENABLE_CPP_EXCEPTIONS = NO;
				GCC_GENERATE_DEBUGGING_SYMBOLS = YES;
				GCC_INLINES_ARE_PRIVATE_EXTERN = NO;
				GCC_OPTIMIZATION_LEVEL = 0;
				GCC_PREPROCESSOR_DEFINITIONS = (
					"'CMAKE_INTDIR=\"$(CONFIGURATION)$(EFFECTIVE_PLATFORM_NAME)\"'",
					"$(inherited)",
				);
				GCC_SYMBOLS_PRIVATE_EXTERN = NO;
				HEADER_SEARCH_PATHS = (
					/Volumes/GAMMA/DEVELOPPEMENT/cacaodev/JSONParser,
					"$(inherited)",
				);
				INSTALL_PATH = "";
				LINKER_DISPLAYS_MANGLED_NAMES = YES;
				ONLY_ACTIVE_ARCH = YES;
				OTHER_LDFLAGS = (
					"-Wl,-search_paths_first",
					"-Wl,-headerpad_max_install_names",
					"$(inherited)",
				);
				PRODUCT_NAME = "desktop-test";
				SECTORDER_FLAGS = "";
				STRIP_STYLE = debugging;
				USE_HEADERMAP = NO;
			};
			name = Release;
		};
		639FAFF0EC084D3C805E4DF8 /* Debug */ = {
			isa = XCBuildConfiguration;
			buildSettings = {
				ALWAYS_SEARCH_USER_PATHS = NO;
				ARCHS = "$(ARCHS_STANDARD)";
				CLANG_CXX_LANGUAGE_STANDARD = "c++17";
				COMBINE_HIDPI_IMAGES = YES;
				GCC_GENERATE_DEBUGGING_SYMBOLS = YES;
				GCC_INLINES_ARE_PRIVATE_EXTERN = NO;
				GCC_OPTIMIZATION_LEVEL = 0;
				GCC_PREPROCESSOR_DEFINITIONS = (
					"'CMAKE_INTDIR=\"$(CONFIGURATION)$(EFFECTIVE_PLATFORM_NAME)\"'",
					"$(inherited)",
				);
				GCC_SYMBOLS_PRIVATE_EXTERN = NO;
				GCC_WARN_UNUSED_VARIABLE = YES;
				INSTALL_PATH = "";
				IPHONEOS_DEPLOYMENT_TARGET = 18.6;
				ONLY_ACTIVE_ARCH = NO;
				OTHER_LDFLAGS = " $(inherited)";
				OTHER_REZFLAGS = "";
				PRODUCT_NAME = ALL_BUILD;
				SDKROOT = macosx;
				SECTORDER_FLAGS = "";
				SWIFT_OPTIMIZATION_LEVEL = "-Onone";
				USE_HEADERMAP = NO;
				WARNING_CFLAGS = "$(inherited)";
			};
			name = Debug;
		};
		674ADBB2C6DD4E5F9B196B4E /* Release */ = {
			isa = XCBuildConfiguration;
			buildSettings = {
				CLANG_WARN_ASSIGN_ENUM = YES;
				CLANG_WARN_INFINITE_RECURSION = YES;
				CLANG_WARN_UNREACHABLE_CODE = YES;
				GCC_WARN_ABOUT_RETURN_TYPE = YES;
				GCC_WARN_FOUR_CHARACTER_CONSTANTS = YES;
				GCC_WARN_UNINITIALIZED_AUTOS = YES;
				GCC_WARN_UNKNOWN_PRAGMAS = YES;
				GCC_WARN_UNUSED_FUNCTION = YES;
				GCC_WARN_UNUSED_LABEL = YES;
				GCC_WARN_UNUSED_PARAMETER = NO;
				GCC_WARN_UNUSED_VARIABLE = YES;
				MACOSX_DEPLOYMENT_TARGET = 15.7;
				ONLY_ACTIVE_ARCH = YES;
				SDKROOT = macosx26.1;
				SWIFT_COMPILATION_MODE = wholemodule;
			};
			name = Release;
		};
		6D51F118F3654283A4BB204C /* Debug */ = {
			isa = XCBuildConfiguration;
			buildSettings = {
				CLANG_WARN_ASSIGN_ENUM = YES;
				CLANG_WARN_INFINITE_RECURSION = YES;
				CLANG_WARN_UNREACHABLE_CODE = YES;
				GCC_WARN_ABOUT_RETURN_TYPE = YES;
				GCC_WARN_FOUR_CHARACTER_CONSTANTS = YES;
				GCC_WARN_UNINITIALIZED_AUTOS = YES;
				GCC_WARN_UNKNOWN_PRAGMAS = YES;
				GCC_WARN_UNUSED_FUNCTION = YES;
				GCC_WARN_UNUSED_LABEL = YES;
				GCC_WARN_UNUSED_PARAMETER = NO;
				GCC_WARN_UNUSED_VARIABLE = YES;
				MACOSX_DEPLOYMENT_TARGET = 15.7;
				ONLY_ACTIVE_ARCH = YES;
				SDKROOT = macosx26.1;
			};
			name = Debug;
		};
		84522332CBA148A2B49D5762 /* Release */ = {
			isa = XCBuildConfiguration;
			buildSettings = {
				ALWAYS_SEARCH_USER_PATHS = NO;
				ARCHS = "$(ARCHS_STANDARD)";
				CLANG_CXX_LANGUAGE_STANDARD = "c++17";
				COMBINE_HIDPI_IMAGES = YES;
				GCC_GENERATE_DEBUGGING_SYMBOLS = YES;
				GCC_INLINES_ARE_PRIVATE_EXTERN = NO;
				GCC_OPTIMIZATION_LEVEL = 0;
				GCC_PREPROCESSOR_DEFINITIONS = (
					"'CMAKE_INTDIR=\"$(CONFIGURATION)$(EFFECTIVE_PLATFORM_NAME)\"'",
					"$(inherited)",
				);
				GCC_SYMBOLS_PRIVATE_EXTERN = NO;
				GCC_WARN_UNUSED_VARIABLE = YES;
				INSTALL_PATH = "";
				IPHONEOS_DEPLOYMENT_TARGET = 18.6;
				ONLY_ACTIVE_ARCH = NO;
				OTHER_LDFLAGS = " $(inherited)";
				OTHER_REZFLAGS = "";
				PRODUCT_NAME = ALL_BUILD;
				SDKROOT = macosx;
				SECTORDER_FLAGS = "";
				USE_HEADERMAP = NO;
				WARNING_CFLAGS = "$(inherited)";
			};
			name = Release;
		};
		8D535ABA04A84FB8B942EFDD /* RelWithDebInfo */ = {
			isa = XCBuildConfiguration;
			buildSettings = {
				ALWAYS_SEARCH_USER_PATHS = NO;
				ARCHS = "$(ARCHS_STANDARD)";
				CLANG_CXX_LANGUAGE_STANDARD = "c++17";
				COMBINE_HIDPI_IMAGES = YES;
				GCC_GENERATE_DEBUGGING_SYMBOLS = YES;
				GCC_INLINES_ARE_PRIVATE_EXTERN = NO;
				GCC_OPTIMIZATION_LEVEL = 0;
				GCC_PREPROCESSOR_DEFINITIONS = (
					"'CMAKE_INTDIR=\"$(CONFIGURATION)$(EFFECTIVE_PLATFORM_NAME)\"'",
					"$(inherited)",
				);
				GCC_SYMBOLS_PRIVATE_EXTERN = NO;
				GCC_WARN_UNUSED_VARIABLE = YES;
				INSTALL_PATH = "";
				IPHONEOS_DEPLOYMENT_TARGET = 18.6;
				ONLY_ACTIVE_ARCH = NO;
				OTHER_LDFLAGS = " $(inherited)";
				OTHER_REZFLAGS = "";
				PRODUCT_NAME = ALL_BUILD;
				SDKROOT = macosx;
				SECTORDER_FLAGS = "";
				USE_HEADERMAP = NO;
				WARNING_CFLAGS = "$(inherited)";
			};
			name = RelWithDebInfo;
		};
		A16ECB81130C4799AD7EC3E6 /* RelWithDebInfo */ = {
			isa = XCBuildConfiguration;
			buildSettings = {
				ALWAYS_SEARCH_USER_PATHS = NO;
				ARCHS = "$(ARCHS_STANDARD)";
				CLANG_CXX_LANGUAGE_STANDARD = "c++17";
				CLANG_CXX_STANDARD_LIBRARY_HARDENING = extensive;
				COMBINE_HIDPI_IMAGES = YES;
				COPY_PHASE_STRIP = NO;
				DEBUG_INFORMATION_FORMAT = "dwarf-with-dsym";
				DEBUG_INFORMATION_VERSION = "compiler-default";
				ENABLE_DEBUG_DYLIB = YES;
				ENABLE_TESTABILITY = YES;
				EXECUTABLE_PREFIX = "";
				GCC_ENABLE_CPP_EXCEPTIONS = NO;
				GCC_GENERATE_DEBUGGING_SYMBOLS = YES;
				GCC_INLINES_ARE_PRIVATE_EXTERN = NO;
				GCC_OPTIMIZATION_LEVEL = 0;
				GCC_PREPROCESSOR_DEFINITIONS = (
					"'CMAKE_INTDIR=\"$(CONFIGURATION)$(EFFECTIVE_PLATFORM_NAME)\"'",
					"$(inherited)",
				);
				GCC_SYMBOLS_PRIVATE_EXTERN = NO;
				HEADER_SEARCH_PATHS = (
					/Volumes/GAMMA/DEVELOPPEMENT/cacaodev/JSONParser,
					"$(inherited)",
				);
				INSTALL_PATH = "";
				LINKER_DISPLAYS_MANGLED_NAMES = YES;
				ONLY_ACTIVE_ARCH = YES;
				OTHER_LDFLAGS = (
					"-Wl,-search_paths_first",
					"-Wl,-headerpad_max_install_names",
					"$(inherited)",
				);
				PRODUCT_NAME = "desktop-test";
				SECTORDER_FLAGS = "";
				STRIP_STYLE = debugging;
				USE_HEADERMAP = NO;
			};
			name = RelWithDebInfo;
		};
		BEB8B6A7BE064735B256DB9E /* RelWithDebInfo */ = {
			isa = XCBuildConfiguration;
			buildSettings = {
				CLANG_WARN_ASSIGN_ENUM = YES;
				CLANG_WARN_INFINITE_RECURSION = YES;
				CLANG_WARN_UNREACHABLE_CODE = YES;
				GCC_WARN_ABOUT_RETURN_TYPE = YES;
				GCC_WARN_FOUR_CHARACTER_CONSTANTS = YES;
				GCC_WARN_UNINITIALIZED_AUTOS = YES;
				GCC_WARN_UNKNOWN_PRAGMAS = YES;
				GCC_WARN_UNUSED_FUNCTION = YES;
				GCC_WARN_UNUSED_LABEL = YES;
				GCC_WARN_UNUSED_PARAMETER = NO;
				GCC_WARN_UNUSED_VARIABLE = YES;
				MACOSX_DEPLOYMENT_TARGET = 15.7;
				ONLY_ACTIVE_ARCH = YES;
				SDKROOT = macosx26.1;
				SWIFT_COMPILATION_MODE = wholemodule;
			};
			name = RelWithDebInfo;
		};
		C32FC46280F848F5AA72D9AB /* MinSizeRel */ = {
			isa = XCBuildConfiguration;
			buildSettings = {
				CLANG_WARN_ASSIGN_ENUM = YES;
				CLANG_WARN_INFINITE_RECURSION = YES;
				CLANG_WARN_UNREACHABLE_CODE = YES;
				GCC_WARN_ABOUT_RETURN_TYPE = YES;
				GCC_WARN_FOUR_CHARACTER_CONSTANTS = YES;
				GCC_WARN_UNINITIALIZED_AUTOS = YES;
				GCC_WARN_UNKNOWN_PRAGMAS = YES;
				GCC_WARN_UNUSED_FUNCTION = YES;
				GCC_WARN_UNUSED_LABEL = YES;
				GCC_WARN_UNUSED_PARAMETER = NO;
				GCC_WARN_UNUSED_VARIABLE = YES;
				MACOSX_DEPLOYMENT_TARGET = 15.7;
				ONLY_ACTIVE_ARCH = YES;
				SDKROOT = macosx26.1;
				SWIFT_COMPILATION_MODE = wholemodule;
			};
			name = MinSizeRel;
		};
		CCC9E89CB39B47C6A548A76C /* MinSizeRel */ = {
			isa = XCBuildConfiguration;
			buildSettings = {
				ALWAYS_SEARCH_USER_PATHS = NO;
				ARCHS = "$(ARCHS_STANDARD)";
				CLANG_CXX_LANGUAGE_STANDARD = "c++17";
				COMBINE_HIDPI_IMAGES = YES;
				GCC_GENERATE_DEBUGGING_SYMBOLS = YES;
				GCC_INLINES_ARE_PRIVATE_EXTERN = NO;
				GCC_OPTIMIZATION_LEVEL = 0;
				GCC_PREPROCESSOR_DEFINITIONS = (
					"'CMAKE_INTDIR=\"$(CONFIGURATION)$(EFFECTIVE_PLATFORM_NAME)\"'",
					"$(inherited)",
				);
				GCC_SYMBOLS_PRIVATE_EXTERN = NO;
				GCC_WARN_UNUSED_VARIABLE = YES;
				INSTALL_PATH = "";
				IPHONEOS_DEPLOYMENT_TARGET = 18.6;
				ONLY_ACTIVE_ARCH = NO;
				OTHER_LDFLAGS = " $(inherited)";
				OTHER_REZFLAGS = "";
				PRODUCT_NAME = ALL_BUILD;
				SDKROOT = macosx;
				SECTORDER_FLAGS = "";
				USE_HEADERMAP = NO;
				WARNING_CFLAGS = "$(inherited)";
			};
			name = MinSizeRel;
		};
		DB0E7610F3234B67BDF5DA1E /* Debug */ = {
			isa = XCBuildConfiguration;
			buildSettings = {
				ALWAYS_SEARCH_USER_PATHS = NO;
				ARCHS = "$(ARCHS_STANDARD)";
				CLANG_CXX_LANGUAGE_STANDARD = "c++17";
				CLANG_CXX_STANDARD_LIBRARY_HARDENING = extensive;
				COMBINE_HIDPI_IMAGES = YES;
				COPY_PHASE_STRIP = NO;
				DEBUG_INFORMATION_FORMAT = "dwarf-with-dsym";
				DEBUG_INFORMATION_VERSION = "compiler-default";
				ENABLE_DEBUG_DYLIB = YES;
				ENABLE_TESTABILITY = YES;
				EXECUTABLE_PREFIX = "";
				GCC_ENABLE_CPP_EXCEPTIONS = NO;
				GCC_GENERATE_DEBUGGING_SYMBOLS = YES;
				GCC_INLINES_ARE_PRIVATE_EXTERN = NO;
				GCC_OPTIMIZATION_LEVEL = 0;
				GCC_PREPROCESSOR_DEFINITIONS = (
					"'CMAKE_INTDIR=\"$(CONFIGURATION)$(EFFECTIVE_PLATFORM_NAME)\"'",
					"$(inherited)",
				);
				GCC_SYMBOLS_PRIVATE_EXTERN = NO;
				HEADER_SEARCH_PATHS = (
					/Volumes/GAMMA/DEVELOPPEMENT/cacaodev/JSONParser,
					"$(inherited)",
				);
				INSTALL_PATH = "";
				LINKER_DISPLAYS_MANGLED_NAMES = YES;
				ONLY_ACTIVE_ARCH = YES;
				OTHER_LDFLAGS = (
					"-Wl,-search_paths_first",
					"-Wl,-headerpad_max_install_names",
					"$(inherited)",
				);
				PRODUCT_NAME = "desktop-test";
				SECTORDER_FLAGS = "";
				STRIP_STYLE = debugging;
				SWIFT_OPTIMIZATION_LEVEL = "-Onone";
				USE_HEADERMAP = NO;
			};
			name = Debug;
		};
/* End XCBuildConfiguration section */

/* Begin XCConfigurationList section */
		1BA13BEFDFA54D818FB95F16 /* Build configuration list for PBXNativeTarget "debug" */ = {
			isa = XCConfigurationList;
			buildConfigurations = (
				DB0E7610F3234B67BDF5DA1E /* Debug */,
				20EEC707B41F4BE38579513F /* Release */,
				07EBBAF083BA496791B9C07A /* MinSizeRel */,
				A16ECB81130C4799AD7EC3E6 /* RelWithDebInfo */,
			);
			defaultConfigurationIsVisible = 0;
			defaultConfigurationName = Release;
		};
		7B51A08837784AFC9492C6E4 /* Build configuration list for PBXAggregateTarget "ALL_BUILD" */ = {
			isa = XCConfigurationList;
			buildConfigurations = (
				639FAFF0EC084D3C805E4DF8 /* Debug */,
				84522332CBA148A2B49D5762 /* Release */,
				CCC9E89CB39B47C6A548A76C /* MinSizeRel */,
				8D535ABA04A84FB8B942EFDD /* RelWithDebInfo */,
			);
			defaultConfigurationIsVisible = 0;
			defaultConfigurationName = Release;
		};
		D1D0CA61C0FD49168C538B2D /* Build configuration list for PBXProject "JSONParser" */ = {
			isa = XCConfigurationList;
			buildConfigurations = (
				6D51F118F3654283A4BB204C /* Debug */,
				674ADBB2C6DD4E5F9B196B4E /* Release */,
				C32FC46280F848F5AA72D9AB /* MinSizeRel */,
				BEB8B6A7BE064735B256DB9E /* RelWithDebInfo */,
			);
			defaultConfigurationIsVisible = 0;
			defaultConfigurationName = Release;
		};
/* End XCConfigurationList section */
	};
	rootObject = 3C49CF7CFE53436598FD877B /* Project object */;
}
